
Microsoft Visual Studio Solution File, Format Version 12.00
# Visual Studio 2013
VisualStudioVersion = 12.0.31101.0
MinimumVisualStudioVersion = 10.0.40219.1
Project("{FAE04EC0-301F-11D3-BF4B-00C04F79EFBC}") = "TidyFiller", "src\TidyFiller\TidyFiller.csproj", "{2E6D76CA-5F82-46C7-91B1-80F2C463CB3E}"
EndProject
Project("{FAE04EC0-301F-11D3-BF4B-00C04F79EFBC}") = "TidyFiller.Test", "src\TidyFiller.Test\TidyFiller.Test.csproj", "{E683A39C-2304-4901-8F5F-043D224BD70D}"
EndProject
Project("{2150E333-8FDC-42A3-9474-1A3956D46DE8}") = "buildscript", "buildscript", "{E7BD5E2A-6FD1-4991-872E-D15A4D9D8791}"
	ProjectSection(SolutionItems) = preProject
		buildscript\build.bat = buildscript\build.bat
		buildscript\packages.config = buildscript\packages.config
		buildscript\tidy-filler-build-requirements.proj = buildscript\tidy-filler-build-requirements.proj
		buildscript\tidy-filler.proj = buildscript\tidy-filler.proj
	EndProjectSection
EndProject
Global
	GlobalSection(SolutionConfigurationPlatforms) = preSolution
		Debug|Any CPU = Debug|Any CPU
		Release|Any CPU = Release|Any CPU
	EndGlobalSection
	GlobalSection(ProjectConfigurationPlatforms) = postSolution
		{2E6D76CA-5F82-46C7-91B1-80F2C463CB3E}.Debug|Any CPU.ActiveCfg = Debug|Any CPU
		{2E6D76CA-5F82-46C7-91B1-80F2C463CB3E}.Debug|Any CPU.Build.0 = Debug|Any CPU
		{2E6D76CA-5F82-46C7-91B1-80F2C463CB3E}.Release|Any CPU.ActiveCfg = Release|Any CPU
		{2E6D76CA-5F82-46C7-91B1-80F2C463CB3E}.Release|Any CPU.Build.0 = Release|Any CPU
		{E683A39C-2304-4901-8F5F-043D224BD70D}.Debug|Any CPU.ActiveCfg = Debug|Any CPU
		{E683A39C-2304-4901-8F5F-043D224BD70D}.Debug|Any CPU.Build.0 = Debug|Any CPU
		{E683A39C-2304-4901-8F5F-043D224BD70D}.Release|Any CPU.ActiveCfg = Release|Any CPU
		{E683A39C-2304-4901-8F5F-043D224BD70D}.Release|Any CPU.Build.0 = Release|Any CPU
	EndGlobalSection
	GlobalSection(SolutionProperties) = preSolution
		HideSolutionNode = FALSE
	EndGlobalSection
EndGlobal
